
Microsoft Visual Studio Solution File, Format Version 12.00
# Visual Studio 15
VisualStudioVersion = 15.0.26430.14
MinimumVisualStudioVersion = 10.0.40219.1
Project("{FAE04EC0-301F-11D3-BF4B-00C04F79EFBC}") = "ssa-azure-git", "ssa-azure-git\ssa-azure-git.csproj", "{688BEE41-30AB-4212-B7F3-3BCAC7200F6A}"
EndProject
Project("{FAE04EC0-301F-11D3-BF4B-00C04F79EFBC}") = "ssa-azure-git.Tests", "ssa-azure-git.Tests\ssa-azure-git.Tests.csproj", "{A476185D-7149-43AF-A6DD-6405DCE261D4}"
EndProject
Global
	GlobalSection(SolutionConfigurationPlatforms) = preSolution
		Debug|Any CPU = Debug|Any CPU
		Release|Any CPU = Release|Any CPU
	EndGlobalSection
	GlobalSection(ProjectConfigurationPlatforms) = postSolution
		{688BEE41-30AB-4212-B7F3-3BCAC7200F6A}.Debug|Any CPU.ActiveCfg = Debug|Any CPU
		{688BEE41-30AB-4212-B7F3-3BCAC7200F6A}.Debug|Any CPU.Build.0 = Debug|Any CPU
		{688BEE41-30AB-4212-B7F3-3BCAC7200F6A}.Release|Any CPU.ActiveCfg = Release|Any CPU
		{688BEE41-30AB-4212-B7F3-3BCAC7200F6A}.Release|Any CPU.Build.0 = Release|Any CPU
		{A476185D-7149-43AF-A6DD-6405DCE261D4}.Debug|Any CPU.ActiveCfg = Debug|Any CPU
		{A476185D-7149-43AF-A6DD-6405DCE261D4}.Debug|Any CPU.Build.0 = Debug|Any CPU
		{A476185D-7149-43AF-A6DD-6405DCE261D4}.Release|Any CPU.ActiveCfg = Release|Any CPU
		{A476185D-7149-43AF-A6DD-6405DCE261D4}.Release|Any CPU.Build.0 = Release|Any CPU
	EndGlobalSection
	GlobalSection(SolutionProperties) = preSolution
		HideSolutionNode = FALSE
	EndGlobalSection
EndGlobal
